{
  "version": 4,
  "terraform_version": "0.14.0",
  "serial": 3,
  "lineage": "a14cf45d-1e90-a0e7-c4f0-3de12a2d33fb",
  "outputs": {},
  "resources": [
    {
      "mode": "managed",
      "type": "docker_image",
      "name": "image_backend",
      "provider": "provider[\"registry.terraform.io/terraform-providers/docker\"]",
      "instances": [
        {
          "schema_version": 0,
          "attributes": {
            "id": "sha256:76dfc89c2769cb36b37e1c0443188cbf174b878bddc855ce37529ee41b1ee172aik-backend:1.0.0",
            "keep_locally": null,
            "latest": "sha256:76dfc89c2769cb36b37e1c0443188cbf174b878bddc855ce37529ee41b1ee172",
            "name": "aik-backend:1.0.0",
            "pull_trigger": null,
            "pull_triggers": null
          },
          "sensitive_attributes": [],
          "private": "bnVsbA=="
        }
      ]
    },
    {
      "mode": "managed",
      "type": "docker_image",
      "name": "image_frontend",
      "provider": "provider[\"registry.terraform.io/terraform-providers/docker\"]",
      "instances": [
        {
          "schema_version": 0,
          "attributes": {
            "id": "sha256:a84f4efdcc1e29d934dc2a2aad81532b3d2a14041d11bb14697b68ee173065b0aik-frontend:1.0.0",
            "keep_locally": null,
            "latest": "sha256:a84f4efdcc1e29d934dc2a2aad81532b3d2a14041d11bb14697b68ee173065b0",
            "name": "aik-frontend:1.0.0",
            "pull_trigger": null,
            "pull_triggers": null
          },
          "sensitive_attributes": [],
          "private": "bnVsbA=="
        }
      ]
    }
  ]
}
